{
  "name": "khmer-time-format",
  "version": "0.1.1",
  "lockfileVersion": 3,
  "requires": true,
  "packages": {
    "": {
      "name": "khmer-time-format",
      "version": "0.1.1",
      "license": "MIT"
    },
    "node_modules/khmer-time-format": {
      "version": "0.1.0",
      "resolved": "https://registry.npmjs.org/khmer-time-format/-/khmer-time-format-0.1.0.tgz",
      "integrity": "sha512-HVVpf1leMK23vl2uITwmO9CMoKThFv7JMDugcAZAHCEq3r/y03UMWY/I5+6C4KlIUQ775nzzrOsjHKqJBKgPfw==",
      "license": "MIT"
    }
  }
}
